
Microsoft Visual Studio Solution File, Format Version 12.00
# Visual Studio 15
VisualStudioVersion = 15.0.27130.2027
MinimumVisualStudioVersion = 10.0.40219.1
Project("{FAE04EC0-301F-11D3-BF4B-00C04F79EFBC}") = "Les2Demo2", "Les2Demo2\Les2Demo2.csproj", "{9F55F012-6DF5-4CCF-A42A-9B94146722FD}"
EndProject
Global
	GlobalSection(SolutionConfigurationPlatforms) = preSolution
		Debug|Any CPU = Debug|Any CPU
		Release|Any CPU = Release|Any CPU
	EndGlobalSection
	GlobalSection(ProjectConfigurationPlatforms) = postSolution
		{9F55F012-6DF5-4CCF-A42A-9B94146722FD}.Debug|Any CPU.ActiveCfg = Debug|Any CPU
		{9F55F012-6DF5-4CCF-A42A-9B94146722FD}.Debug|Any CPU.Build.0 = Debug|Any CPU
		{9F55F012-6DF5-4CCF-A42A-9B94146722FD}.Release|Any CPU.ActiveCfg = Release|Any CPU
		{9F55F012-6DF5-4CCF-A42A-9B94146722FD}.Release|Any CPU.Build.0 = Release|Any CPU
	EndGlobalSection
	GlobalSection(SolutionProperties) = preSolution
		HideSolutionNode = FALSE
	EndGlobalSection
	GlobalSection(ExtensibilityGlobals) = postSolution
		SolutionGuid = {B9C7ECD8-C66A-4E1E-8C0F-3F9A7D37F6F0}
	EndGlobalSection
EndGlobal
